
Microsoft Visual Studio Solution File, Format Version 12.00
# Visual Studio Version 17
VisualStudioVersion = 17.11.35219.272
MinimumVisualStudioVersion = 10.0.40219.1
Project("{FAE04EC0-301F-11D3-BF4B-00C04F79EFBC}") = "Eco1", "Eco1\Eco1.csproj", "{78ECD41B-9171-4E7E-B82D-66F227EAB609}"
EndProject
Global
	GlobalSection(SolutionConfigurationPlatforms) = preSolution
		Debug|Any CPU = Debug|Any CPU
		Release|Any CPU = Release|Any CPU
	EndGlobalSection
	GlobalSection(ProjectConfigurationPlatforms) = postSolution
		{78ECD41B-9171-4E7E-B82D-66F227EAB609}.Debug|Any CPU.ActiveCfg = Debug|Any CPU
		{78ECD41B-9171-4E7E-B82D-66F227EAB609}.Debug|Any CPU.Build.0 = Debug|Any CPU
		{78ECD41B-9171-4E7E-B82D-66F227EAB609}.Release|Any CPU.ActiveCfg = Release|Any CPU
		{78ECD41B-9171-4E7E-B82D-66F227EAB609}.Release|Any CPU.Build.0 = Release|Any CPU
	EndGlobalSection
	GlobalSection(SolutionProperties) = preSolution
		HideSolutionNode = FALSE
	EndGlobalSection
	GlobalSection(ExtensibilityGlobals) = postSolution
		SolutionGuid = {0565B9C2-FE8D-4F79-89ED-5897B3D4B1E5}
	EndGlobalSection
EndGlobal
